// !$*UTF8*$!
{
	archiveVersion = 1;
	classes = {
	};
	objectVersion = 55;
	objects = {

/* Begin PBXBuildFile section */
		8E2B63F229095541001A72EE /* AppDelegate.swift in Sources */ = {isa = PBXBuildFile; fileRef = 8E2B63F129095541001A72EE /* AppDelegate.swift */; };
		8E2B63F429095541001A72EE /* SceneDelegate.swift in Sources */ = {isa = PBXBuildFile; fileRef = 8E2B63F329095541001A72EE /* SceneDelegate.swift */; };
		8E2B63F929095541001A72EE /* Main.storyboard in Resources */ = {isa = PBXBuildFile; fileRef = 8E2B63F729095541001A72EE /* Main.storyboard */; };
		8E2B63FB29095545001A72EE /* Assets.xcassets in Resources */ = {isa = PBXBuildFile; fileRef = 8E2B63FA29095545001A72EE /* Assets.xcassets */; };
		8E2B63FE29095545001A72EE /* LaunchScreen.storyboard in Resources */ = {isa = PBXBuildFile; fileRef = 8E2B63FC29095545001A72EE /* LaunchScreen.storyboard */; };
		8E2B640829095582001A72EE /* HomeController.swift in Sources */ = {isa = PBXBuildFile; fileRef = 8E2B640729095582001A72EE /* HomeController.swift */; };
		8E2B640C290958C6001A72EE /* events.json in Resources */ = {isa = PBXBuildFile; fileRef = 8E2B640B290958C6001A72EE /* events.json */; };
		8E2B6414290959E9001A72EE /* Events.swift in Sources */ = {isa = PBXBuildFile; fileRef = 8E2B6413290959E9001A72EE /* Events.swift */; };
		8E2B641629097066001A72EE /* HomeViewModel.swift in Sources */ = {isa = PBXBuildFile; fileRef = 8E2B641529097066001A72EE /* HomeViewModel.swift */; };
		8E2B641929097626001A72EE /* EventsCell.swift in Sources */ = {isa = PBXBuildFile; fileRef = 8E2B641729097626001A72EE /* EventsCell.swift */; };
		8E2B641A29097626001A72EE /* EventsCell.xib in Resources */ = {isa = PBXBuildFile; fileRef = 8E2B641829097626001A72EE /* EventsCell.xib */; };
		8E2B641E2909775E001A72EE /* NSObject.swift in Sources */ = {isa = PBXBuildFile; fileRef = 8E2B641D2909775E001A72EE /* NSObject.swift */; };
		8E2B642129097809001A72EE /* ViewController.swift in Sources */ = {isa = PBXBuildFile; fileRef = 8E2B642029097809001A72EE /* ViewController.swift */; };
		8E2B6424290AB5BD001A72EE /* TableView.swift in Sources */ = {isa = PBXBuildFile; fileRef = 8E2B6423290AB5BD001A72EE /* TableView.swift */; };
/* End PBXBuildFile section */

/* Begin PBXFileReference section */
		8E2B63EE29095541001A72EE /* AssesmentApp.app */ = {isa = PBXFileReference; explicitFileType = wrapper.application; includeInIndex = 0; path = AssesmentApp.app; sourceTree = BUILT_PRODUCTS_DIR; };
		8E2B63F129095541001A72EE /* AppDelegate.swift */ = {isa = PBXFileReference; lastKnownFileType = sourcecode.swift; path = AppDelegate.swift; sourceTree = "<group>"; };
		8E2B63F329095541001A72EE /* SceneDelegate.swift */ = {isa = PBXFileReference; lastKnownFileType = sourcecode.swift; path = SceneDelegate.swift; sourceTree = "<group>"; };
		8E2B63F829095541001A72EE /* Base */ = {isa = PBXFileReference; lastKnownFileType = file.storyboard; name = Base; path = Base.lproj/Main.storyboard; sourceTree = "<group>"; };
		8E2B63FA29095545001A72EE /* Assets.xcassets */ = {isa = PBXFileReference; lastKnownFileType = folder.assetcatalog; path = Assets.xcassets; sourceTree = "<group>"; };
		8E2B63FD29095545001A72EE /* Base */ = {isa = PBXFileReference; lastKnownFileType = file.storyboard; name = Base; path = Base.lproj/LaunchScreen.storyboard; sourceTree = "<group>"; };
		8E2B63FF29095545001A72EE /* Info.plist */ = {isa = PBXFileReference; lastKnownFileType = text.plist.xml; path = Info.plist; sourceTree = "<group>"; };
		8E2B640729095582001A72EE /* HomeController.swift */ = {isa = PBXFileReference; lastKnownFileType = sourcecode.swift; path = HomeController.swift; sourceTree = "<group>"; };
		8E2B640B290958C6001A72EE /* events.json */ = {isa = PBXFileReference; fileEncoding = 4; lastKnownFileType = text.json; path = events.json; sourceTree = "<group>"; };
		8E2B6413290959E9001A72EE /* Events.swift */ = {isa = PBXFileReference; lastKnownFileType = sourcecode.swift; path = Events.swift; sourceTree = "<group>"; };
		8E2B641529097066001A72EE /* HomeViewModel.swift */ = {isa = PBXFileReference; lastKnownFileType = sourcecode.swift; path = HomeViewModel.swift; sourceTree = "<group>"; };
		8E2B641729097626001A72EE /* EventsCell.swift */ = {isa = PBXFileReference; lastKnownFileType = sourcecode.swift; path = EventsCell.swift; sourceTree = "<group>"; };
		8E2B641829097626001A72EE /* EventsCell.xib */ = {isa = PBXFileReference; lastKnownFileType = file.xib; path = EventsCell.xib; sourceTree = "<group>"; };
		8E2B641D2909775E001A72EE /* NSObject.swift */ = {isa = PBXFileReference; lastKnownFileType = sourcecode.swift; path = NSObject.swift; sourceTree = "<group>"; };
		8E2B642029097809001A72EE /* ViewController.swift */ = {isa = PBXFileReference; lastKnownFileType = sourcecode.swift; path = ViewController.swift; sourceTree = "<group>"; };
		8E2B6423290AB5BD001A72EE /* TableView.swift */ = {isa = PBXFileReference; lastKnownFileType = sourcecode.swift; path = TableView.swift; sourceTree = "<group>"; };
/* End PBXFileReference section */

/* Begin PBXFrameworksBuildPhase section */
		8E2B63EB29095541001A72EE /* Frameworks */ = {
			isa = PBXFrameworksBuildPhase;
			buildActionMask = 2147483647;
			files = (
			);
			runOnlyForDeploymentPostprocessing = 0;
		};
/* End PBXFrameworksBuildPhase section */

/* Begin PBXGroup section */
		8E2B63E529095541001A72EE = {
			isa = PBXGroup;
			children = (
				8E2B63F029095541001A72EE /* AssesmentApp */,
				8E2B63EF29095541001A72EE /* Products */,
			);
			sourceTree = "<group>";
		};
		8E2B63EF29095541001A72EE /* Products */ = {
			isa = PBXGroup;
			children = (
				8E2B63EE29095541001A72EE /* AssesmentApp.app */,
			);
			name = Products;
			sourceTree = "<group>";
		};
		8E2B63F029095541001A72EE /* AssesmentApp */ = {
			isa = PBXGroup;
			children = (
				8E2B641B2909774D001A72EE /* Extensions */,
				8E2B640D29095986001A72EE /* Model */,
				8E2B640A290958B4001A72EE /* Helper */,
				8E2B640529095565001A72EE /* AppDelegate */,
				8E2B64092909558B001A72EE /* Storyboards */,
				8E2B640629095570001A72EE /* Controllers */,
				8E2B63FA29095545001A72EE /* Assets.xcassets */,
				8E2B63FF29095545001A72EE /* Info.plist */,
			);
			path = AssesmentApp;
			sourceTree = "<group>";
		};
		8E2B640529095565001A72EE /* AppDelegate */ = {
			isa = PBXGroup;
			children = (
				8E2B63F129095541001A72EE /* AppDelegate.swift */,
				8E2B63F329095541001A72EE /* SceneDelegate.swift */,
			);
			path = AppDelegate;
			sourceTree = "<group>";
		};
		8E2B640629095570001A72EE /* Controllers */ = {
			isa = PBXGroup;
			children = (
				8E2B640729095582001A72EE /* HomeController.swift */,
				8E2B641529097066001A72EE /* HomeViewModel.swift */,
				8E2B641729097626001A72EE /* EventsCell.swift */,
				8E2B641829097626001A72EE /* EventsCell.xib */,
			);
			path = Controllers;
			sourceTree = "<group>";
		};
		8E2B64092909558B001A72EE /* Storyboards */ = {
			isa = PBXGroup;
			children = (
				8E2B63FC29095545001A72EE /* LaunchScreen.storyboard */,
				8E2B63F729095541001A72EE /* Main.storyboard */,
			);
			path = Storyboards;
			sourceTree = "<group>";
		};
		8E2B640A290958B4001A72EE /* Helper */ = {
			isa = PBXGroup;
			children = (
				8E2B640B290958C6001A72EE /* events.json */,
			);
			path = Helper;
			sourceTree = "<group>";
		};
		8E2B640D29095986001A72EE /* Model */ = {
			isa = PBXGroup;
			children = (
				8E2B640E29095991001A72EE /* EventsRoot */,
			);
			path = Model;
			sourceTree = "<group>";
		};
		8E2B640E29095991001A72EE /* EventsRoot */ = {
			isa = PBXGroup;
			children = (
				8E2B6413290959E9001A72EE /* Events.swift */,
			);
			path = EventsRoot;
			sourceTree = "<group>";
		};
		8E2B641B2909774D001A72EE /* Extensions */ = {
			isa = PBXGroup;
			children = (
				8E2B6422290AB5AD001A72EE /* TableView */,
				8E2B641F290977FF001A72EE /* ViewController */,
				8E2B641C29097757001A72EE /* NSObject */,
			);
			path = Extensions;
			sourceTree = "<group>";
		};
		8E2B641C29097757001A72EE /* NSObject */ = {
			isa = PBXGroup;
			children = (
				8E2B641D2909775E001A72EE /* NSObject.swift */,
			);
			path = NSObject;
			sourceTree = "<group>";
		};
		8E2B641F290977FF001A72EE /* ViewController */ = {
			isa = PBXGroup;
			children = (
				8E2B642029097809001A72EE /* ViewController.swift */,
			);
			path = ViewController;
			sourceTree = "<group>";
		};
		8E2B6422290AB5AD001A72EE /* TableView */ = {
			isa = PBXGroup;
			children = (
				8E2B6423290AB5BD001A72EE /* TableView.swift */,
			);
			path = TableView;
			sourceTree = "<group>";
		};
/* End PBXGroup section */

/* Begin PBXNativeTarget section */
		8E2B63ED29095541001A72EE /* AssesmentApp */ = {
			isa = PBXNativeTarget;
			buildConfigurationList = 8E2B640229095545001A72EE /* Build configuration list for PBXNativeTarget "AssesmentApp" */;
			buildPhases = (
				8E2B63EA29095541001A72EE /* Sources */,
				8E2B63EB29095541001A72EE /* Frameworks */,
				8E2B63EC29095541001A72EE /* Resources */,
			);
			buildRules = (
			);
			dependencies = (
			);
			name = AssesmentApp;
			productName = AssesmentApp;
			productReference = 8E2B63EE29095541001A72EE /* AssesmentApp.app */;
			productType = "com.apple.product-type.application";
		};
/* End PBXNativeTarget section */

/* Begin PBXProject section */
		8E2B63E629095541001A72EE /* Project object */ = {
			isa = PBXProject;
			attributes = {
				BuildIndependentTargetsInParallel = 1;
				LastSwiftUpdateCheck = 1320;
				LastUpgradeCheck = 1320;
				TargetAttributes = {
					8E2B63ED29095541001A72EE = {
						CreatedOnToolsVersion = 13.2.1;
					};
				};
			};
			buildConfigurationList = 8E2B63E929095541001A72EE /* Build configuration list for PBXProject "AssesmentApp" */;
			compatibilityVersion = "Xcode 13.0";
			developmentRegion = en;
			hasScannedForEncodings = 0;
			knownRegions = (
				en,
				Base,
			);
			mainGroup = 8E2B63E529095541001A72EE;
			productRefGroup = 8E2B63EF29095541001A72EE /* Products */;
			projectDirPath = "";
			projectRoot = "";
			targets = (
				8E2B63ED29095541001A72EE /* AssesmentApp */,
			);
		};
/* End PBXProject section */

/* Begin PBXResourcesBuildPhase section */
		8E2B63EC29095541001A72EE /* Resources */ = {
			isa = PBXResourcesBuildPhase;
			buildActionMask = 2147483647;
			files = (
				8E2B641A29097626001A72EE /* EventsCell.xib in Resources */,
				8E2B640C290958C6001A72EE /* events.json in Resources */,
				8E2B63FE29095545001A72EE /* LaunchScreen.storyboard in Resources */,
				8E2B63FB29095545001A72EE /* Assets.xcassets in Resources */,
				8E2B63F929095541001A72EE /* Main.storyboard in Resources */,
			);
			runOnlyForDeploymentPostprocessing = 0;
		};
/* End PBXResourcesBuildPhase section */

/* Begin PBXSourcesBuildPhase section */
		8E2B63EA29095541001A72EE /* Sources */ = {
			isa = PBXSourcesBuildPhase;
			buildActionMask = 2147483647;
			files = (
				8E2B641929097626001A72EE /* EventsCell.swift in Sources */,
				8E2B6414290959E9001A72EE /* Events.swift in Sources */,
				8E2B640829095582001A72EE /* HomeController.swift in Sources */,
				8E2B641E2909775E001A72EE /* NSObject.swift in Sources */,
				8E2B6424290AB5BD001A72EE /* TableView.swift in Sources */,
				8E2B63F229095541001A72EE /* AppDelegate.swift in Sources */,
				8E2B641629097066001A72EE /* HomeViewModel.swift in Sources */,
				8E2B642129097809001A72EE /* ViewController.swift in Sources */,
				8E2B63F429095541001A72EE /* SceneDelegate.swift in Sources */,
			);
			runOnlyForDeploymentPostprocessing = 0;
		};
/* End PBXSourcesBuildPhase section */

/* Begin PBXVariantGroup section */
		8E2B63F729095541001A72EE /* Main.storyboard */ = {
			isa = PBXVariantGroup;
			children = (
				8E2B63F829095541001A72EE /* Base */,
			);
			name = Main.storyboard;
			sourceTree = "<group>";
		};
		8E2B63FC29095545001A72EE /* LaunchScreen.storyboard */ = {
			isa = PBXVariantGroup;
			children = (
				8E2B63FD29095545001A72EE /* Base */,
			);
			name = LaunchScreen.storyboard;
			sourceTree = "<group>";
		};
/* End PBXVariantGroup section */

/* Begin XCBuildConfiguration section */
		8E2B640029095545001A72EE /* Debug */ = {
			isa = XCBuildConfiguration;
			buildSettings = {
				ALWAYS_SEARCH_USER_PATHS = NO;
				CLANG_ANALYZER_NONNULL = YES;
				CLANG_ANALYZER_NUMBER_OBJECT_CONVERSION = YES_AGGRESSIVE;
				CLANG_CXX_LANGUAGE_STANDARD = "gnu++17";
				CLANG_CXX_LIBRARY = "libc++";
				CLANG_ENABLE_MODULES = YES;
				CLANG_ENABLE_OBJC_ARC = YES;
				CLANG_ENABLE_OBJC_WEAK = YES;
				CLANG_WARN_BLOCK_CAPTURE_AUTORELEASING = YES;
				CLANG_WARN_BOOL_CONVERSION = YES;
				CLANG_WARN_COMMA = YES;
				CLANG_WARN_CONSTANT_CONVERSION = YES;
				CLANG_WARN_DEPRECATED_OBJC_IMPLEMENTATIONS = YES;
				CLANG_WARN_DIRECT_OBJC_ISA_USAGE = YES_ERROR;
				CLANG_WARN_DOCUMENTATION_COMMENTS = YES;
				CLANG_WARN_EMPTY_BODY = YES;
				CLANG_WARN_ENUM_CONVERSION = YES;
				CLANG_WARN_INFINITE_RECURSION = YES;
				CLANG_WARN_INT_CONVERSION = YES;
				CLANG_WARN_NON_LITERAL_NULL_CONVERSION = YES;
				CLANG_WARN_OBJC_IMPLICIT_RETAIN_SELF = YES;
				CLANG_WARN_OBJC_LITERAL_CONVERSION = YES;
				CLANG_WARN_OBJC_ROOT_CLASS = YES_ERROR;
				CLANG_WARN_QUOTED_INCLUDE_IN_FRAMEWORK_HEADER = YES;
				CLANG_WARN_RANGE_LOOP_ANALYSIS = YES;
				CLANG_WARN_STRICT_PROTOTYPES = YES;
				CLANG_WARN_SUSPICIOUS_MOVE = YES;
				CLANG_WARN_UNGUARDED_AVAILABILITY = YES_AGGRESSIVE;
				CLANG_WARN_UNREACHABLE_CODE = YES;
				CLANG_WARN__DUPLICATE_METHOD_MATCH = YES;
				COPY_PHASE_STRIP = NO;
				DEBUG_INFORMATION_FORMAT = dwarf;
				ENABLE_STRICT_OBJC_MSGSEND = YES;
				ENABLE_TESTABILITY = YES;
				GCC_C_LANGUAGE_STANDARD = gnu11;
				GCC_DYNAMIC_NO_PIC = NO;
				GCC_NO_COMMON_BLOCKS = YES;
				GCC_OPTIMIZATION_LEVEL = 0;
				GCC_PREPROCESSOR_DEFINITIONS = (
					"DEBUG=1",
					"$(inherited)",
				);
				GCC_WARN_64_TO_32_BIT_CONVERSION = YES;
				GCC_WARN_ABOUT_RETURN_TYPE = YES_ERROR;
				GCC_WARN_UNDECLARED_SELECTOR = YES;
				GCC_WARN_UNINITIALIZED_AUTOS = YES_AGGRESSIVE;
				GCC_WARN_UNUSED_FUNCTION = YES;
				GCC_WARN_UNUSED_VARIABLE = YES;
				IPHONEOS_DEPLOYMENT_TARGET = 15.2;
				MTL_ENABLE_DEBUG_INFO = INCLUDE_SOURCE;
				MTL_FAST_MATH = YES;
				ONLY_ACTIVE_ARCH = YES;
				SDKROOT = iphoneos;
				SWIFT_ACTIVE_COMPILATION_CONDITIONS = DEBUG;
				SWIFT_OPTIMIZATION_LEVEL = "-Onone";
			};
			name = Debug;
		};
		8E2B640129095545001A72EE /* Release */ = {
			isa = XCBuildConfiguration;
			buildSettings = {
				ALWAYS_SEARCH_USER_PATHS = NO;
				CLANG_ANALYZER_NONNULL = YES;
				CLANG_ANALYZER_NUMBER_OBJECT_CONVERSION = YES_AGGRESSIVE;
				CLANG_CXX_LANGUAGE_STANDARD = "gnu++17";
				CLANG_CXX_LIBRARY = "libc++";
				CLANG_ENABLE_MODULES = YES;
				CLANG_ENABLE_OBJC_ARC = YES;
				CLANG_ENABLE_OBJC_WEAK = YES;
				CLANG_WARN_BLOCK_CAPTURE_AUTORELEASING = YES;
				CLANG_WARN_BOOL_CONVERSION = YES;
				CLANG_WARN_COMMA = YES;
				CLANG_WARN_CONSTANT_CONVERSION = YES;
				CLANG_WARN_DEPRECATED_OBJC_IMPLEMENTATIONS = YES;
				CLANG_WARN_DIRECT_OBJC_ISA_USAGE = YES_ERROR;
				CLANG_WARN_DOCUMENTATION_COMMENTS = YES;
				CLANG_WARN_EMPTY_BODY = YES;
				CLANG_WARN_ENUM_CONVERSION = YES;
				CLANG_WARN_INFINITE_RECURSION = YES;
				CLANG_WARN_INT_CONVERSION = YES;
				CLANG_WARN_NON_LITERAL_NULL_CONVERSION = YES;
				CLANG_WARN_OBJC_IMPLICIT_RETAIN_SELF = YES;
				CLANG_WARN_OBJC_LITERAL_CONVERSION = YES;
				CLANG_WARN_OBJC_ROOT_CLASS = YES_ERROR;
				CLANG_WARN_QUOTED_INCLUDE_IN_FRAMEWORK_HEADER = YES;
				CLANG_WARN_RANGE_LOOP_ANALYSIS = YES;
				CLANG_WARN_STRICT_PROTOTYPES = YES;
				CLANG_WARN_SUSPICIOUS_MOVE = YES;
				CLANG_WARN_UNGUARDED_AVAILABILITY = YES_AGGRESSIVE;
				CLANG_WARN_UNREACHABLE_CODE = YES;
				CLANG_WARN__DUPLICATE_METHOD_MATCH = YES;
				COPY_PHASE_STRIP = NO;
				DEBUG_INFORMATION_FORMAT = "dwarf-with-dsym";
				ENABLE_NS_ASSERTIONS = NO;
				ENABLE_STRICT_OBJC_MSGSEND = YES;
				GCC_C_LANGUAGE_STANDARD = gnu11;
				GCC_NO_COMMON_BLOCKS = YES;
				GCC_WARN_64_TO_32_BIT_CONVERSION = YES;
				GCC_WARN_ABOUT_RETURN_TYPE = YES_ERROR;
				GCC_WARN_UNDECLARED_SELECTOR = YES;
				GCC_WARN_UNINITIALIZED_AUTOS = YES_AGGRESSIVE;
				GCC_WARN_UNUSED_FUNCTION = YES;
				GCC_WARN_UNUSED_VARIABLE = YES;
				IPHONEOS_DEPLOYMENT_TARGET = 15.2;
				MTL_ENABLE_DEBUG_INFO = NO;
				MTL_FAST_MATH = YES;
				SDKROOT = iphoneos;
				SWIFT_COMPILATION_MODE = wholemodule;
				SWIFT_OPTIMIZATION_LEVEL = "-O";
				VALIDATE_PRODUCT = YES;
			};
			name = Release;
		};
		8E2B640329095545001A72EE /* Debug */ = {
			isa = XCBuildConfiguration;
			buildSettings = {
				ASSETCATALOG_COMPILER_APPICON_NAME = AppIcon;
				ASSETCATALOG_COMPILER_GLOBAL_ACCENT_COLOR_NAME = AccentColor;
				CODE_SIGN_STYLE = Automatic;
				CURRENT_PROJECT_VERSION = 1;
				DEVELOPMENT_TEAM = AR6F6E85MV;
				GENERATE_INFOPLIST_FILE = YES;
				INFOPLIST_FILE = AssesmentApp/Info.plist;
				INFOPLIST_KEY_UIApplicationSupportsIndirectInputEvents = YES;
				INFOPLIST_KEY_UILaunchStoryboardName = LaunchScreen;
				INFOPLIST_KEY_UIMainStoryboardFile = Main;
				INFOPLIST_KEY_UISupportedInterfaceOrientations_iPad = "UIInterfaceOrientationPortrait UIInterfaceOrientationPortraitUpsideDown UIInterfaceOrientationLandscapeLeft UIInterfaceOrientationLandscapeRight";
				INFOPLIST_KEY_UISupportedInterfaceOrientations_iPhone = "UIInterfaceOrientationPortrait UIInterfaceOrientationLandscapeLeft UIInterfaceOrientationLandscapeRight";
				LD_RUNPATH_SEARCH_PATHS = (
					"$(inherited)",
					"@executable_path/Frameworks",
				);
				MARKETING_VERSION = 1.0;
				PRODUCT_BUNDLE_IDENTIFIER = com.pl.www.AssesmentApp;
				PRODUCT_NAME = "$(TARGET_NAME)";
				SWIFT_EMIT_LOC_STRINGS = YES;
				SWIFT_VERSION = 5.0;
				TARGETED_DEVICE_FAMILY = "1,2";
			};
			name = Debug;
		};
		8E2B640429095545001A72EE /* Release */ = {
			isa = XCBuildConfiguration;
			buildSettings = {
				ASSETCATALOG_COMPILER_APPICON_NAME = AppIcon;
				ASSETCATALOG_COMPILER_GLOBAL_ACCENT_COLOR_NAME = AccentColor;
				CODE_SIGN_STYLE = Automatic;
				CURRENT_PROJECT_VERSION = 1;
				DEVELOPMENT_TEAM = AR6F6E85MV;
				GENERATE_INFOPLIST_FILE = YES;
				INFOPLIST_FILE = AssesmentApp/Info.plist;
				INFOPLIST_KEY_UIApplicationSupportsIndirectInputEvents = YES;
				INFOPLIST_KEY_UILaunchStoryboardName = LaunchScreen;
				INFOPLIST_KEY_UIMainStoryboardFile = Main;
				INFOPLIST_KEY_UISupportedInterfaceOrientations_iPad = "UIInterfaceOrientationPortrait UIInterfaceOrientationPortraitUpsideDown UIInterfaceOrientationLandscapeLeft UIInterfaceOrientationLandscapeRight";
				INFOPLIST_KEY_UISupportedInterfaceOrientations_iPhone = "UIInterfaceOrientationPortrait UIInterfaceOrientationLandscapeLeft UIInterfaceOrientationLandscapeRight";
				LD_RUNPATH_SEARCH_PATHS = (
					"$(inherited)",
					"@executable_path/Frameworks",
				);
				MARKETING_VERSION = 1.0;
				PRODUCT_BUNDLE_IDENTIFIER = com.pl.www.AssesmentApp;
				PRODUCT_NAME = "$(TARGET_NAME)";
				SWIFT_EMIT_LOC_STRINGS = YES;
				SWIFT_VERSION = 5.0;
				TARGETED_DEVICE_FAMILY = "1,2";
			};
			name = Release;
		};
/* End XCBuildConfiguration section */

/* Begin XCConfigurationList section */
		8E2B63E929095541001A72EE /* Build configuration list for PBXProject "AssesmentApp" */ = {
			isa = XCConfigurationList;
			buildConfigurations = (
				8E2B640029095545001A72EE /* Debug */,
				8E2B640129095545001A72EE /* Release */,
			);
			defaultConfigurationIsVisible = 0;
			defaultConfigurationName = Release;
		};
		8E2B640229095545001A72EE /* Build configuration list for PBXNativeTarget "AssesmentApp" */ = {
			isa = XCConfigurationList;
			buildConfigurations = (
				8E2B640329095545001A72EE /* Debug */,
				8E2B640429095545001A72EE /* Release */,
			);
			defaultConfigurationIsVisible = 0;
			defaultConfigurationName = Release;
		};
/* End XCConfigurationList section */
	};
	rootObject = 8E2B63E629095541001A72EE /* Project object */;
}
